
Microsoft Visual Studio Solution File, Format Version 12.00
# Visual Studio Version 17
VisualStudioVersion = 17.12.35707.178
MinimumVisualStudioVersion = 10.0.40219.1
Project("{FAE04EC0-301F-11D3-BF4B-00C04F79EFBC}") = "GUI", "GUI.csproj", "{3148AB9A-D82C-4CDE-93BA-2723B377D6DD}"
EndProject
Project("{FAE04EC0-301F-11D3-BF4B-00C04F79EFBC}") = "BUS", "..\BUS\BUS.csproj", "{03D0826B-598F-4E9F-95E8-9BE422BC04C6}"
EndProject
Project("{FAE04EC0-301F-11D3-BF4B-00C04F79EFBC}") = "DAL", "..\DAL\DAL.csproj", "{39685DE6-240D-4AC3-B085-F1C35875B151}"
EndProject
Project("{FAE04EC0-301F-11D3-BF4B-00C04F79EFBC}") = "DTO", "..\DTO\DTO.csproj", "{8C70FEA2-E096-456F-B81F-97BFD955FFCD}"
EndProject
Global
	GlobalSection(SolutionConfigurationPlatforms) = preSolution
		Debug|Any CPU = Debug|Any CPU
		Release|Any CPU = Release|Any CPU
	EndGlobalSection
	GlobalSection(ProjectConfigurationPlatforms) = postSolution
		{3148AB9A-D82C-4CDE-93BA-2723B377D6DD}.Debug|Any CPU.ActiveCfg = Debug|Any CPU
		{3148AB9A-D82C-4CDE-93BA-2723B377D6DD}.Debug|Any CPU.Build.0 = Debug|Any CPU
		{3148AB9A-D82C-4CDE-93BA-2723B377D6DD}.Release|Any CPU.ActiveCfg = Release|Any CPU
		{3148AB9A-D82C-4CDE-93BA-2723B377D6DD}.Release|Any CPU.Build.0 = Release|Any CPU
		{03D0826B-598F-4E9F-95E8-9BE422BC04C6}.Debug|Any CPU.ActiveCfg = Debug|Any CPU
		{03D0826B-598F-4E9F-95E8-9BE422BC04C6}.Debug|Any CPU.Build.0 = Debug|Any CPU
		{03D0826B-598F-4E9F-95E8-9BE422BC04C6}.Release|Any CPU.ActiveCfg = Release|Any CPU
		{03D0826B-598F-4E9F-95E8-9BE422BC04C6}.Release|Any CPU.Build.0 = Release|Any CPU
		{39685DE6-240D-4AC3-B085-F1C35875B151}.Debug|Any CPU.ActiveCfg = Debug|Any CPU
		{39685DE6-240D-4AC3-B085-F1C35875B151}.Debug|Any CPU.Build.0 = Debug|Any CPU
		{39685DE6-240D-4AC3-B085-F1C35875B151}.Release|Any CPU.ActiveCfg = Release|Any CPU
		{39685DE6-240D-4AC3-B085-F1C35875B151}.Release|Any CPU.Build.0 = Release|Any CPU
		{8C70FEA2-E096-456F-B81F-97BFD955FFCD}.Debug|Any CPU.ActiveCfg = Debug|Any CPU
		{8C70FEA2-E096-456F-B81F-97BFD955FFCD}.Debug|Any CPU.Build.0 = Debug|Any CPU
		{8C70FEA2-E096-456F-B81F-97BFD955FFCD}.Release|Any CPU.ActiveCfg = Release|Any CPU
		{8C70FEA2-E096-456F-B81F-97BFD955FFCD}.Release|Any CPU.Build.0 = Release|Any CPU
	EndGlobalSection
	GlobalSection(SolutionProperties) = preSolution
		HideSolutionNode = FALSE
	EndGlobalSection
EndGlobal
